<Solution>
  <Folder Name="/nuget-packages/">
    <Project Path="nuget-packages/AStarDev.ControlDb.Persistence.TestsIntegration/AStarDev.ControlDb.Persistence.TestsIntegration.csproj" />
    <Project Path="nuget-packages/AStarDev.ControlDb.Persistence.TestsUnit/AStarDev.ControlDb.Persistence.TestsUnit.csproj" />
    <Project Path="nuget-packages/AStarDev.ControlDb.Persistence/AStarDev.ControlDb.Persistence.csproj" />
    <Project Path="nuget-packages/AStarDev.ControlDb.TestsUnit/AStarDev.ControlDb.TestsUnit.csproj" />
    <Project Path="nuget-packages/AStarDev.ControlDb/AStarDev.ControlDb.csproj" />
    <Project Path="nuget-packages/AStarDev.Functional.TestsUnit/AStarDev.Functional.TestsUnit.csproj" />
    <Project Path="nuget-packages/AStarDev.Functional/AStarDev.Functional.csproj" />
    <Project Path="nuget-packages/AStarDev.Utilities.TestsUnit/AStarDev.Utilities.TestsUnit.csproj" />
    <Project Path="nuget-packages/AStarDev.Utilities/AStarDev.Utilities.csproj" />
  </Folder>
  <Folder Name="/nuget-packages/logging/">
    <Project Path="nuget-packages/logging/AStarDev.LoggingExtensions.TestsUnit/AStarDev.LoggingExtensions.TestsUnit.csproj" />
    <Project Path="nuget-packages/logging/AStarDev.LoggingExtensions/AStarDev.LoggingExtensions.csproj" />
    <Project Path="nuget-packages/logging/AStarDev.LoggingOTel.TestsUnit/AStarDev.LoggingOTel.TestsUnit.csproj" />
    <Project Path="nuget-packages/logging/AStarDev.LoggingOTel/AStarDev.LoggingOTel.csproj" />
  </Folder>
  <Folder Name="/nuget-packages/source-generators/">
    <Project Path="nuget-packages/source-generators/AStarDev.SourceAnalyzers.TestsUnit/AStarDev.SourceAnalyzers.TestsUnit.csproj" />
    <Project Path="nuget-packages/source-generators/AStarDev.SourceAnalyzers/AStarDev.SourceAnalyzers.csproj" />
    <Project Path="nuget-packages/source-generators/AStarDev.SourceGeneratorAttributes.TestsUnit/AStarDev.SourceGeneratorAttributes.TestsUnit.csproj" />
    <Project Path="nuget-packages/source-generators/AStarDev.SourceGeneratorAttributes/AStarDev.SourceGeneratorAttributes.csproj" />
    <Project Path="nuget-packages/source-generators/AStarDev.SourceGenerators.Sample/AStarDev.SourceGenerators.Sample.csproj" />
    <Project Path="nuget-packages/source-generators/AStarDev.SourceGenerators.TestsUnit/AStarDev.SourceGenerators.TestsUnit.csproj" />
    <Project Path="nuget-packages/source-generators/AStarDev.SourceGenerators/AStarDev.SourceGenerators.csproj" />
  </Folder>
  <Project Path="AStarDev.Playing.TestsUnit/AStarDev.Playing.TestsUnit.csproj" />
  <Project Path="AStarDev.Playing/AStarDev.Playing.csproj" />
</Solution>
